
Microsoft Visual Studio Solution File, Format Version 12.00
# Visual Studio 14
VisualStudioVersion = 14.0.25420.1
MinimumVisualStudioVersion = 10.0.40219.1
Project("{8BC9CEB8-8B4A-11D0-8D11-00A0C91BC942}") = "libcrypto", "libcrypto\libcrypto.vcxproj", "{CCEC8BC4-A722-40AE-B7CE-10B1EFF62DC2}"
EndProject
Project("{8BC9CEB8-8B4A-11D0-8D11-00A0C91BC942}") = "DES", "DES\DES.vcxproj", "{ED23E105-1D8A-40FF-A59D-6D971EDBD6DE}"
EndProject
Project("{2150E333-8FDC-42A3-9474-1A3956D46DE8}") = "Solution Items", "Solution Items", "{4D58EA60-09B6-46A9-913F-56E1A53CD4E8}"
	ProjectSection(SolutionItems) = preProject
		.gitignore = .gitignore
		appveyor.yml = appveyor.yml
		build.cake = build.cake
		build.ps1 = build.ps1
		LICENSE = LICENSE
		README.md = README.md
	EndProjectSection
EndProject
Project("{8BC9CEB8-8B4A-11D0-8D11-00A0C91BC942}") = "fstats", "fstats\fstats.vcxproj", "{145CE84F-280E-4634-B492-32C3C97A83DE}"
EndProject
Project("{8BC9CEB8-8B4A-11D0-8D11-00A0C91BC942}") = "benchmarks", "benchmarks\benchmarks.vcxproj", "{28D46868-9BB2-48B6-80D4-ADABB2FCB1EF}"
EndProject
Project("{8BC9CEB8-8B4A-11D0-8D11-00A0C91BC942}") = "gfmul", "gfmul\gfmul.vcxproj", "{8D29B1A2-6305-4E4E-B917-8EF9C38C0DFE}"
EndProject
Project("{8BC9CEB8-8B4A-11D0-8D11-00A0C91BC942}") = "AES", "AES\AES.vcxproj", "{A897A9E7-E4BB-4E40-95BA-54A06D1839B5}"
EndProject
Project("{8BC9CEB8-8B4A-11D0-8D11-00A0C91BC942}") = "cavp", "cavp\cavp.vcxproj", "{A1C6C662-15C4-4A4E-9518-A19A0E015105}"
EndProject
Project("{8BC9CEB8-8B4A-11D0-8D11-00A0C91BC942}") = "sha512sum", "sha512sum\sha512sum.vcxproj", "{C4088C01-6E21-450D-BFEE-66841BD68473}"
EndProject
Global
	GlobalSection(SolutionConfigurationPlatforms) = preSolution
		Debug|x64 = Debug|x64
		Debug|x86 = Debug|x86
		Release|x64 = Release|x64
		Release|x86 = Release|x86
	EndGlobalSection
	GlobalSection(ProjectConfigurationPlatforms) = postSolution
		{CCEC8BC4-A722-40AE-B7CE-10B1EFF62DC2}.Debug|x64.ActiveCfg = Debug|x64
		{CCEC8BC4-A722-40AE-B7CE-10B1EFF62DC2}.Debug|x64.Build.0 = Debug|x64
		{CCEC8BC4-A722-40AE-B7CE-10B1EFF62DC2}.Debug|x86.ActiveCfg = Debug|Win32
		{CCEC8BC4-A722-40AE-B7CE-10B1EFF62DC2}.Debug|x86.Build.0 = Debug|Win32
		{CCEC8BC4-A722-40AE-B7CE-10B1EFF62DC2}.Release|x64.ActiveCfg = Release|x64
		{CCEC8BC4-A722-40AE-B7CE-10B1EFF62DC2}.Release|x64.Build.0 = Release|x64
		{CCEC8BC4-A722-40AE-B7CE-10B1EFF62DC2}.Release|x86.ActiveCfg = Release|Win32
		{CCEC8BC4-A722-40AE-B7CE-10B1EFF62DC2}.Release|x86.Build.0 = Release|Win32
		{ED23E105-1D8A-40FF-A59D-6D971EDBD6DE}.Debug|x64.ActiveCfg = Debug|x64
		{ED23E105-1D8A-40FF-A59D-6D971EDBD6DE}.Debug|x64.Build.0 = Debug|x64
		{ED23E105-1D8A-40FF-A59D-6D971EDBD6DE}.Debug|x86.ActiveCfg = Debug|x64
		{ED23E105-1D8A-40FF-A59D-6D971EDBD6DE}.Release|x64.ActiveCfg = Release|x64
		{ED23E105-1D8A-40FF-A59D-6D971EDBD6DE}.Release|x64.Build.0 = Release|x64
		{ED23E105-1D8A-40FF-A59D-6D971EDBD6DE}.Release|x86.ActiveCfg = Release|x64
		{145CE84F-280E-4634-B492-32C3C97A83DE}.Debug|x64.ActiveCfg = Debug|x64
		{145CE84F-280E-4634-B492-32C3C97A83DE}.Debug|x64.Build.0 = Debug|x64
		{145CE84F-280E-4634-B492-32C3C97A83DE}.Debug|x86.ActiveCfg = Debug|x64
		{145CE84F-280E-4634-B492-32C3C97A83DE}.Release|x64.ActiveCfg = Release|x64
		{145CE84F-280E-4634-B492-32C3C97A83DE}.Release|x64.Build.0 = Release|x64
		{145CE84F-280E-4634-B492-32C3C97A83DE}.Release|x86.ActiveCfg = Release|x64
		{28D46868-9BB2-48B6-80D4-ADABB2FCB1EF}.Debug|x64.ActiveCfg = Debug|x64
		{28D46868-9BB2-48B6-80D4-ADABB2FCB1EF}.Debug|x64.Build.0 = Debug|x64
		{28D46868-9BB2-48B6-80D4-ADABB2FCB1EF}.Debug|x86.ActiveCfg = Debug|Win32
		{28D46868-9BB2-48B6-80D4-ADABB2FCB1EF}.Debug|x86.Build.0 = Debug|Win32
		{28D46868-9BB2-48B6-80D4-ADABB2FCB1EF}.Release|x64.ActiveCfg = Release|x64
		{28D46868-9BB2-48B6-80D4-ADABB2FCB1EF}.Release|x64.Build.0 = Release|x64
		{28D46868-9BB2-48B6-80D4-ADABB2FCB1EF}.Release|x86.ActiveCfg = Release|Win32
		{28D46868-9BB2-48B6-80D4-ADABB2FCB1EF}.Release|x86.Build.0 = Release|Win32
		{8D29B1A2-6305-4E4E-B917-8EF9C38C0DFE}.Debug|x64.ActiveCfg = Debug|x64
		{8D29B1A2-6305-4E4E-B917-8EF9C38C0DFE}.Debug|x64.Build.0 = Debug|x64
		{8D29B1A2-6305-4E4E-B917-8EF9C38C0DFE}.Debug|x86.ActiveCfg = Debug|Win32
		{8D29B1A2-6305-4E4E-B917-8EF9C38C0DFE}.Debug|x86.Build.0 = Debug|Win32
		{8D29B1A2-6305-4E4E-B917-8EF9C38C0DFE}.Release|x64.ActiveCfg = Release|x64
		{8D29B1A2-6305-4E4E-B917-8EF9C38C0DFE}.Release|x64.Build.0 = Release|x64
		{8D29B1A2-6305-4E4E-B917-8EF9C38C0DFE}.Release|x86.ActiveCfg = Release|Win32
		{8D29B1A2-6305-4E4E-B917-8EF9C38C0DFE}.Release|x86.Build.0 = Release|Win32
		{A897A9E7-E4BB-4E40-95BA-54A06D1839B5}.Debug|x64.ActiveCfg = Debug|x64
		{A897A9E7-E4BB-4E40-95BA-54A06D1839B5}.Debug|x64.Build.0 = Debug|x64
		{A897A9E7-E4BB-4E40-95BA-54A06D1839B5}.Debug|x86.ActiveCfg = Debug|Win32
		{A897A9E7-E4BB-4E40-95BA-54A06D1839B5}.Debug|x86.Build.0 = Debug|Win32
		{A897A9E7-E4BB-4E40-95BA-54A06D1839B5}.Release|x64.ActiveCfg = Release|x64
		{A897A9E7-E4BB-4E40-95BA-54A06D1839B5}.Release|x64.Build.0 = Release|x64
		{A897A9E7-E4BB-4E40-95BA-54A06D1839B5}.Release|x86.ActiveCfg = Release|Win32
		{A897A9E7-E4BB-4E40-95BA-54A06D1839B5}.Release|x86.Build.0 = Release|Win32
		{A1C6C662-15C4-4A4E-9518-A19A0E015105}.Debug|x64.ActiveCfg = Debug|x64
		{A1C6C662-15C4-4A4E-9518-A19A0E015105}.Debug|x64.Build.0 = Debug|x64
		{A1C6C662-15C4-4A4E-9518-A19A0E015105}.Debug|x86.ActiveCfg = Debug|Win32
		{A1C6C662-15C4-4A4E-9518-A19A0E015105}.Debug|x86.Build.0 = Debug|Win32
		{A1C6C662-15C4-4A4E-9518-A19A0E015105}.Release|x64.ActiveCfg = Release|x64
		{A1C6C662-15C4-4A4E-9518-A19A0E015105}.Release|x64.Build.0 = Release|x64
		{A1C6C662-15C4-4A4E-9518-A19A0E015105}.Release|x86.ActiveCfg = Release|Win32
		{A1C6C662-15C4-4A4E-9518-A19A0E015105}.Release|x86.Build.0 = Release|Win32
		{C4088C01-6E21-450D-BFEE-66841BD68473}.Debug|x64.ActiveCfg = Debug|x64
		{C4088C01-6E21-450D-BFEE-66841BD68473}.Debug|x64.Build.0 = Debug|x64
		{C4088C01-6E21-450D-BFEE-66841BD68473}.Debug|x86.ActiveCfg = Debug|Win32
		{C4088C01-6E21-450D-BFEE-66841BD68473}.Debug|x86.Build.0 = Debug|Win32
		{C4088C01-6E21-450D-BFEE-66841BD68473}.Release|x64.ActiveCfg = Release|x64
		{C4088C01-6E21-450D-BFEE-66841BD68473}.Release|x64.Build.0 = Release|x64
		{C4088C01-6E21-450D-BFEE-66841BD68473}.Release|x86.ActiveCfg = Release|Win32
		{C4088C01-6E21-450D-BFEE-66841BD68473}.Release|x86.Build.0 = Release|Win32
	EndGlobalSection
	GlobalSection(SolutionProperties) = preSolution
		HideSolutionNode = FALSE
	EndGlobalSection
EndGlobal
